
Microsoft Visual Studio Solution File, Format Version 12.00
# Visual Studio Version 17
VisualStudioVersion = 17.8.34511.84
MinimumVisualStudioVersion = 10.0.40219.1
Project("{FAE04EC0-301F-11D3-BF4B-00C04F79EFBC}") = "Exam", "Exam\Exam.csproj", "{21034AC4-1C88-435B-A599-0062E5966478}"
EndProject
Global
	GlobalSection(SolutionConfigurationPlatforms) = preSolution
		Debug|Any CPU = Debug|Any CPU
		Release|Any CPU = Release|Any CPU
	EndGlobalSection
	GlobalSection(ProjectConfigurationPlatforms) = postSolution
		{21034AC4-1C88-435B-A599-0062E5966478}.Debug|Any CPU.ActiveCfg = Debug|Any CPU
		{21034AC4-1C88-435B-A599-0062E5966478}.Debug|Any CPU.Build.0 = Debug|Any CPU
		{21034AC4-1C88-435B-A599-0062E5966478}.Release|Any CPU.ActiveCfg = Release|Any CPU
		{21034AC4-1C88-435B-A599-0062E5966478}.Release|Any CPU.Build.0 = Release|Any CPU
	EndGlobalSection
	GlobalSection(SolutionProperties) = preSolution
		HideSolutionNode = FALSE
	EndGlobalSection
	GlobalSection(ExtensibilityGlobals) = postSolution
		SolutionGuid = {D465F780-EED9-4355-8BEA-9CF537088E55}
	EndGlobalSection
EndGlobal
